
Microsoft Visual Studio Solution File, Format Version 12.00
# Visual Studio 15
VisualStudioVersion = 15.0.28307.572
MinimumVisualStudioVersion = 10.0.40219.1
Project("{FAE04EC0-301F-11D3-BF4B-00C04F79EFBC}") = "AbmPaises.Common", "AbmPaises.Common\AbmPaises.Common.csproj", "{4DF46F8E-0B82-43DE-A981-F2F2A1A15E61}"
EndProject
Project("{FAE04EC0-301F-11D3-BF4B-00C04F79EFBC}") = "AbmPaises.Web", "AbmPaises.Web\AbmPaises.Web.csproj", "{2EF86F24-3AE4-42B3-8167-C23F82855FD0}"
EndProject
Global
	GlobalSection(SolutionConfigurationPlatforms) = preSolution
		Debug|Any CPU = Debug|Any CPU
		Release|Any CPU = Release|Any CPU
	EndGlobalSection
	GlobalSection(ProjectConfigurationPlatforms) = postSolution
		{4DF46F8E-0B82-43DE-A981-F2F2A1A15E61}.Debug|Any CPU.ActiveCfg = Debug|Any CPU
		{4DF46F8E-0B82-43DE-A981-F2F2A1A15E61}.Debug|Any CPU.Build.0 = Debug|Any CPU
		{4DF46F8E-0B82-43DE-A981-F2F2A1A15E61}.Release|Any CPU.ActiveCfg = Release|Any CPU
		{4DF46F8E-0B82-43DE-A981-F2F2A1A15E61}.Release|Any CPU.Build.0 = Release|Any CPU
		{2EF86F24-3AE4-42B3-8167-C23F82855FD0}.Debug|Any CPU.ActiveCfg = Debug|Any CPU
		{2EF86F24-3AE4-42B3-8167-C23F82855FD0}.Debug|Any CPU.Build.0 = Debug|Any CPU
		{2EF86F24-3AE4-42B3-8167-C23F82855FD0}.Release|Any CPU.ActiveCfg = Release|Any CPU
		{2EF86F24-3AE4-42B3-8167-C23F82855FD0}.Release|Any CPU.Build.0 = Release|Any CPU
	EndGlobalSection
	GlobalSection(SolutionProperties) = preSolution
		HideSolutionNode = FALSE
	EndGlobalSection
	GlobalSection(ExtensibilityGlobals) = postSolution
		SolutionGuid = {CAE926AD-D914-433F-AED7-D766D458CFB3}
	EndGlobalSection
EndGlobal
